
Microsoft Visual Studio Solution File, Format Version 12.00
# Visual Studio Version 16
VisualStudioVersion = 16.0.31112.23
MinimumVisualStudioVersion = 10.0.40219.1
Project("{FAE04EC0-301F-11D3-BF4B-00C04F79EFBC}") = "CrossLanguageCS", "CrossLanguageCS\CrossLanguageCS.csproj", "{0C25DDEF-6478-4E22-9136-C9F49E0E0C77}"
EndProject
Project("{FAE04EC0-301F-11D3-BF4B-00C04F79EFBC}") = "CrossLanguageCS.Demo", "CrossLanguageCS.Demo\CrossLanguageCS.Demo.csproj", "{F93F57EF-EC32-4A8A-8E41-2900C8B47394}"
EndProject
Global
	GlobalSection(SolutionConfigurationPlatforms) = preSolution
		Debug|Any CPU = Debug|Any CPU
		Release|Any CPU = Release|Any CPU
	EndGlobalSection
	GlobalSection(ProjectConfigurationPlatforms) = postSolution
		{0C25DDEF-6478-4E22-9136-C9F49E0E0C77}.Debug|Any CPU.ActiveCfg = Debug|Any CPU
		{0C25DDEF-6478-4E22-9136-C9F49E0E0C77}.Debug|Any CPU.Build.0 = Debug|Any CPU
		{0C25DDEF-6478-4E22-9136-C9F49E0E0C77}.Release|Any CPU.ActiveCfg = Release|Any CPU
		{0C25DDEF-6478-4E22-9136-C9F49E0E0C77}.Release|Any CPU.Build.0 = Release|Any CPU
		{F93F57EF-EC32-4A8A-8E41-2900C8B47394}.Debug|Any CPU.ActiveCfg = Debug|Any CPU
		{F93F57EF-EC32-4A8A-8E41-2900C8B47394}.Debug|Any CPU.Build.0 = Debug|Any CPU
		{F93F57EF-EC32-4A8A-8E41-2900C8B47394}.Release|Any CPU.ActiveCfg = Release|Any CPU
		{F93F57EF-EC32-4A8A-8E41-2900C8B47394}.Release|Any CPU.Build.0 = Release|Any CPU
	EndGlobalSection
	GlobalSection(SolutionProperties) = preSolution
		HideSolutionNode = FALSE
	EndGlobalSection
	GlobalSection(ExtensibilityGlobals) = postSolution
		SolutionGuid = {6DDB3473-B38D-4E77-93CE-4EA707D84B4D}
	EndGlobalSection
EndGlobal
